
Microsoft Visual Studio Solution File, Format Version 12.00
# Visual Studio Version 17
VisualStudioVersion = 17.14.36109.1 d17.14
MinimumVisualStudioVersion = 10.0.40219.1
Project("{FAE04EC0-301F-11D3-BF4B-00C04F79EFBC}") = "WallEPixelproject", "WallEPixelproject.csproj", "{4778A961-998C-4C96-B338-37CBF67594A9}"
EndProject
Global
	GlobalSection(SolutionConfigurationPlatforms) = preSolution
		Debug|Any CPU = Debug|Any CPU
		Release|Any CPU = Release|Any CPU
	EndGlobalSection
	GlobalSection(ProjectConfigurationPlatforms) = postSolution
		{4778A961-998C-4C96-B338-37CBF67594A9}.Debug|Any CPU.ActiveCfg = Debug|Any CPU
		{4778A961-998C-4C96-B338-37CBF67594A9}.Debug|Any CPU.Build.0 = Debug|Any CPU
		{4778A961-998C-4C96-B338-37CBF67594A9}.Release|Any CPU.ActiveCfg = Release|Any CPU
		{4778A961-998C-4C96-B338-37CBF67594A9}.Release|Any CPU.Build.0 = Release|Any CPU
	EndGlobalSection
	GlobalSection(SolutionProperties) = preSolution
		HideSolutionNode = FALSE
	EndGlobalSection
	GlobalSection(ExtensibilityGlobals) = postSolution
		SolutionGuid = {264E2555-592D-4962-B0F5-94C2BBCEEF70}
	EndGlobalSection
EndGlobal
